
Microsoft Visual Studio Solution File, Format Version 12.00
# Visual Studio Version 17
VisualStudioVersion = 17.4.33110.190
MinimumVisualStudioVersion = 10.0.40219.1
Project("{FAE04EC0-301F-11D3-BF4B-00C04F79EFBC}") = "Catalogizator", "Catalogizator\Catalogizator.csproj", "{5003E63F-B06B-42E7-BE8F-B10C65E2208D}"
EndProject
Global
	GlobalSection(SolutionConfigurationPlatforms) = preSolution
		Debug|Any CPU = Debug|Any CPU
		Release|Any CPU = Release|Any CPU
	EndGlobalSection
	GlobalSection(ProjectConfigurationPlatforms) = postSolution
		{5003E63F-B06B-42E7-BE8F-B10C65E2208D}.Debug|Any CPU.ActiveCfg = Debug|Any CPU
		{5003E63F-B06B-42E7-BE8F-B10C65E2208D}.Debug|Any CPU.Build.0 = Debug|Any CPU
		{5003E63F-B06B-42E7-BE8F-B10C65E2208D}.Release|Any CPU.ActiveCfg = Release|Any CPU
		{5003E63F-B06B-42E7-BE8F-B10C65E2208D}.Release|Any CPU.Build.0 = Release|Any CPU
	EndGlobalSection
	GlobalSection(SolutionProperties) = preSolution
		HideSolutionNode = FALSE
	EndGlobalSection
	GlobalSection(ExtensibilityGlobals) = postSolution
		SolutionGuid = {BB001B31-69A6-4F86-8027-42EEB58F6BD6}
	EndGlobalSection
EndGlobal
